
Microsoft Visual Studio Solution File, Format Version 12.00
# Visual Studio 15
VisualStudioVersion = 15.0.27004.2010
MinimumVisualStudioVersion = 10.0.40219.1
Project("{FAE04EC0-301F-11D3-BF4B-00C04F79EFBC}") = "Bookstore_System.MVC", "Bookstore_System\Bookstore_System.MVC.csproj", "{6DBC0E6B-9389-4B61-B19B-1ABF1D980CCE}"
EndProject
Project("{2150E333-8FDC-42A3-9474-1A3956D46DE8}") = "0 - Presentation", "0 - Presentation", "{B5594DED-E000-4520-902C-406159009B32}"
EndProject
Project("{2150E333-8FDC-42A3-9474-1A3956D46DE8}") = "1 - Services", "1 - Services", "{8661208D-22C9-4DEC-9770-9BA67B76AF82}"
EndProject
Project("{2150E333-8FDC-42A3-9474-1A3956D46DE8}") = "2 - Application", "2 - Application", "{7781ECEB-3CA2-47E4-BB45-C64F49910D9A}"
EndProject
Project("{2150E333-8FDC-42A3-9474-1A3956D46DE8}") = "3 - Domain", "3 - Domain", "{E4A09EE0-3023-4BD1-BD93-3500EA28FE33}"
EndProject
Project("{2150E333-8FDC-42A3-9474-1A3956D46DE8}") = "4 - Infrastructure", "4 - Infrastructure", "{18DC8A37-E527-487A-8C34-FAD32F0669D3}"
EndProject
Project("{FAE04EC0-301F-11D3-BF4B-00C04F79EFBC}") = "Bookstore_System.Application", "Bookstore_System.Application\Bookstore_System.Application.csproj", "{9CE00677-37BC-469E-904B-BFA90C9B3F72}"
EndProject
Project("{FAE04EC0-301F-11D3-BF4B-00C04F79EFBC}") = "Bookstore_System.Services", "Bookstore_System.Services\Bookstore_System.Services.csproj", "{A4C31E91-956A-4DC2-ABAA-C4C286F48E68}"
EndProject
Project("{FAE04EC0-301F-11D3-BF4B-00C04F79EFBC}") = "Bookstore_System.Domain", "Bookstore_System.Domain\Bookstore_System.Domain.csproj", "{AA9312D7-08F6-4ADF-8F27-F34E91FF805E}"
EndProject
Project("{2150E333-8FDC-42A3-9474-1A3956D46DE8}") = "4.1 - Data", "4.1 - Data", "{C480D72B-1091-4ECC-A30E-ED2F73E6D786}"
EndProject
Project("{FAE04EC0-301F-11D3-BF4B-00C04F79EFBC}") = "Bookstore_System.Infrastructure.Data", "Bookstore_System.Infrastructure.Data\Bookstore_System.Infrastructure.Data.csproj", "{9E8A7BDF-BD89-4D45-AD98-CC48FBAC5E32}"
EndProject
Project("{2150E333-8FDC-42A3-9474-1A3956D46DE8}") = "4.2 - IoC", "4.2 - IoC", "{481F1C18-AF2E-40D5-98EA-58F2DAB535F4}"
EndProject
Project("{FAE04EC0-301F-11D3-BF4B-00C04F79EFBC}") = "Bookstore_System.IoC", "Bookstore_System.IoC\Bookstore_System.IoC.csproj", "{95631C1C-88A4-4E11-B509-4FCFA1C3FB0F}"
EndProject
Global
	GlobalSection(SolutionConfigurationPlatforms) = preSolution
		Debug|Any CPU = Debug|Any CPU
		Release|Any CPU = Release|Any CPU
	EndGlobalSection
	GlobalSection(ProjectConfigurationPlatforms) = postSolution
		{6DBC0E6B-9389-4B61-B19B-1ABF1D980CCE}.Debug|Any CPU.ActiveCfg = Debug|Any CPU
		{6DBC0E6B-9389-4B61-B19B-1ABF1D980CCE}.Debug|Any CPU.Build.0 = Debug|Any CPU
		{6DBC0E6B-9389-4B61-B19B-1ABF1D980CCE}.Release|Any CPU.ActiveCfg = Release|Any CPU
		{6DBC0E6B-9389-4B61-B19B-1ABF1D980CCE}.Release|Any CPU.Build.0 = Release|Any CPU
		{9CE00677-37BC-469E-904B-BFA90C9B3F72}.Debug|Any CPU.ActiveCfg = Debug|Any CPU
		{9CE00677-37BC-469E-904B-BFA90C9B3F72}.Debug|Any CPU.Build.0 = Debug|Any CPU
		{9CE00677-37BC-469E-904B-BFA90C9B3F72}.Release|Any CPU.ActiveCfg = Release|Any CPU
		{9CE00677-37BC-469E-904B-BFA90C9B3F72}.Release|Any CPU.Build.0 = Release|Any CPU
		{A4C31E91-956A-4DC2-ABAA-C4C286F48E68}.Debug|Any CPU.ActiveCfg = Debug|Any CPU
		{A4C31E91-956A-4DC2-ABAA-C4C286F48E68}.Debug|Any CPU.Build.0 = Debug|Any CPU
		{A4C31E91-956A-4DC2-ABAA-C4C286F48E68}.Release|Any CPU.ActiveCfg = Release|Any CPU
		{A4C31E91-956A-4DC2-ABAA-C4C286F48E68}.Release|Any CPU.Build.0 = Release|Any CPU
		{AA9312D7-08F6-4ADF-8F27-F34E91FF805E}.Debug|Any CPU.ActiveCfg = Debug|Any CPU
		{AA9312D7-08F6-4ADF-8F27-F34E91FF805E}.Debug|Any CPU.Build.0 = Debug|Any CPU
		{AA9312D7-08F6-4ADF-8F27-F34E91FF805E}.Release|Any CPU.ActiveCfg = Release|Any CPU
		{AA9312D7-08F6-4ADF-8F27-F34E91FF805E}.Release|Any CPU.Build.0 = Release|Any CPU
		{9E8A7BDF-BD89-4D45-AD98-CC48FBAC5E32}.Debug|Any CPU.ActiveCfg = Debug|Any CPU
		{9E8A7BDF-BD89-4D45-AD98-CC48FBAC5E32}.Debug|Any CPU.Build.0 = Debug|Any CPU
		{9E8A7BDF-BD89-4D45-AD98-CC48FBAC5E32}.Release|Any CPU.ActiveCfg = Release|Any CPU
		{9E8A7BDF-BD89-4D45-AD98-CC48FBAC5E32}.Release|Any CPU.Build.0 = Release|Any CPU
		{95631C1C-88A4-4E11-B509-4FCFA1C3FB0F}.Debug|Any CPU.ActiveCfg = Debug|Any CPU
		{95631C1C-88A4-4E11-B509-4FCFA1C3FB0F}.Debug|Any CPU.Build.0 = Debug|Any CPU
		{95631C1C-88A4-4E11-B509-4FCFA1C3FB0F}.Release|Any CPU.ActiveCfg = Release|Any CPU
		{95631C1C-88A4-4E11-B509-4FCFA1C3FB0F}.Release|Any CPU.Build.0 = Release|Any CPU
	EndGlobalSection
	GlobalSection(SolutionProperties) = preSolution
		HideSolutionNode = FALSE
	EndGlobalSection
	GlobalSection(NestedProjects) = preSolution
		{6DBC0E6B-9389-4B61-B19B-1ABF1D980CCE} = {B5594DED-E000-4520-902C-406159009B32}
		{9CE00677-37BC-469E-904B-BFA90C9B3F72} = {7781ECEB-3CA2-47E4-BB45-C64F49910D9A}
		{A4C31E91-956A-4DC2-ABAA-C4C286F48E68} = {8661208D-22C9-4DEC-9770-9BA67B76AF82}
		{AA9312D7-08F6-4ADF-8F27-F34E91FF805E} = {E4A09EE0-3023-4BD1-BD93-3500EA28FE33}
		{C480D72B-1091-4ECC-A30E-ED2F73E6D786} = {18DC8A37-E527-487A-8C34-FAD32F0669D3}
		{9E8A7BDF-BD89-4D45-AD98-CC48FBAC5E32} = {C480D72B-1091-4ECC-A30E-ED2F73E6D786}
		{481F1C18-AF2E-40D5-98EA-58F2DAB535F4} = {18DC8A37-E527-487A-8C34-FAD32F0669D3}
		{95631C1C-88A4-4E11-B509-4FCFA1C3FB0F} = {481F1C18-AF2E-40D5-98EA-58F2DAB535F4}
	EndGlobalSection
	GlobalSection(ExtensibilityGlobals) = postSolution
		SolutionGuid = {65D7E603-058C-40E4-AF17-BAC13EF34A01}
	EndGlobalSection
EndGlobal
